
Microsoft Visual Studio Solution File, Format Version 12.00
# Visual Studio 15
VisualStudioVersion = 15.0.28010.2019
MinimumVisualStudioVersion = 10.0.40219.1
Project("{FAE04EC0-301F-11D3-BF4B-00C04F79EFBC}") = "VirtualMediaKeysUI", "VirtualMediaKeysUI\VirtualMediaKeysUI.csproj", "{D9C78FCC-CE69-4F1F-B868-B0904AA701F7}"
EndProject
Global
	GlobalSection(SolutionConfigurationPlatforms) = preSolution
		Debug|Any CPU = Debug|Any CPU
		Release|Any CPU = Release|Any CPU
	EndGlobalSection
	GlobalSection(ProjectConfigurationPlatforms) = postSolution
		{D9C78FCC-CE69-4F1F-B868-B0904AA701F7}.Debug|Any CPU.ActiveCfg = Debug|Any CPU
		{D9C78FCC-CE69-4F1F-B868-B0904AA701F7}.Debug|Any CPU.Build.0 = Debug|Any CPU
		{D9C78FCC-CE69-4F1F-B868-B0904AA701F7}.Release|Any CPU.ActiveCfg = Release|Any CPU
		{D9C78FCC-CE69-4F1F-B868-B0904AA701F7}.Release|Any CPU.Build.0 = Release|Any CPU
	EndGlobalSection
	GlobalSection(SolutionProperties) = preSolution
		HideSolutionNode = FALSE
	EndGlobalSection
	GlobalSection(ExtensibilityGlobals) = postSolution
		SolutionGuid = {44CF1C93-CEF8-4EFD-AD79-F2724FC65A80}
	EndGlobalSection
EndGlobal
